// !$*UTF8*$!
{
	archiveVersion = 1;
	classes = {
	};
	objectVersion = 46;
	objects = {

/* Begin PBXBuildFile section */
		CD8EB70B196C3DAF00B65E9C /* Foundation.framework in Frameworks */ = {isa = PBXBuildFile; fileRef = CD8EB70A196C3DAF00B65E9C /* Foundation.framework */; };
		CD8EB70D196C3DAF00B65E9C /* CoreGraphics.framework in Frameworks */ = {isa = PBXBuildFile; fileRef = CD8EB70C196C3DAF00B65E9C /* CoreGraphics.framework */; };
		CD8EB70F196C3DAF00B65E9C /* UIKit.framework in Frameworks */ = {isa = PBXBuildFile; fileRef = CD8EB70E196C3DAF00B65E9C /* UIKit.framework */; };
		CD8EB715196C3DAF00B65E9C /* InfoPlist.strings in Resources */ = {isa = PBXBuildFile; fileRef = CD8EB713196C3DAF00B65E9C /* InfoPlist.strings */; };
		CD8EB717196C3DAF00B65E9C /* main.m in Sources */ = {isa = PBXBuildFile; fileRef = CD8EB716196C3DAF00B65E9C /* main.m */; };
		CD8EB71B196C3DAF00B65E9C /* StatusBarAppDelegate.m in Sources */ = {isa = PBXBuildFile; fileRef = CD8EB71A196C3DAF00B65E9C /* StatusBarAppDelegate.m */; };
		CD8EB71E196C3DAF00B65E9C /* Main.storyboard in Resources */ = {isa = PBXBuildFile; fileRef = CD8EB71C196C3DAF00B65E9C /* Main.storyboard */; };
		CD8EB721196C3DAF00B65E9C /* StatusBarViewController.m in Sources */ = {isa = PBXBuildFile; fileRef = CD8EB720196C3DAF00B65E9C /* StatusBarViewController.m */; };
		CD8EB723196C3DAF00B65E9C /* Images.xcassets in Resources */ = {isa = PBXBuildFile; fileRef = CD8EB722196C3DAF00B65E9C /* Images.xcassets */; };
		CD8EB72A196C3DAF00B65E9C /* XCTest.framework in Frameworks */ = {isa = PBXBuildFile; fileRef = CD8EB729196C3DAF00B65E9C /* XCTest.framework */; };
		CD8EB72B196C3DAF00B65E9C /* Foundation.framework in Frameworks */ = {isa = PBXBuildFile; fileRef = CD8EB70A196C3DAF00B65E9C /* Foundation.framework */; };
		CD8EB72C196C3DAF00B65E9C /* UIKit.framework in Frameworks */ = {isa = PBXBuildFile; fileRef = CD8EB70E196C3DAF00B65E9C /* UIKit.framework */; };
		CD8EB734196C3DAF00B65E9C /* InfoPlist.strings in Resources */ = {isa = PBXBuildFile; fileRef = CD8EB732196C3DAF00B65E9C /* InfoPlist.strings */; };
		CD8EB736196C3DAF00B65E9C /* dragDropTests.m in Sources */ = {isa = PBXBuildFile; fileRef = CD8EB735196C3DAF00B65E9C /* dragDropTests.m */; };
/* End PBXBuildFile section */

/* Begin PBXContainerItemProxy section */
		CD8EB72D196C3DAF00B65E9C /* PBXContainerItemProxy */ = {
			isa = PBXContainerItemProxy;
			containerPortal = CD8EB6FF196C3DAF00B65E9C /* Project object */;
			proxyType = 1;
			remoteGlobalIDString = CD8EB706196C3DAF00B65E9C;
			remoteInfo = dragDrop;
		};
/* End PBXContainerItemProxy section */

/* Begin PBXFileReference section */
		CD8EB707196C3DAF00B65E9C /* dragDrop.app */ = {isa = PBXFileReference; explicitFileType = wrapper.application; includeInIndex = 0; path = dragDrop.app; sourceTree = BUILT_PRODUCTS_DIR; };
		CD8EB70A196C3DAF00B65E9C /* Foundation.framework */ = {isa = PBXFileReference; lastKnownFileType = wrapper.framework; name = Foundation.framework; path = System/Library/Frameworks/Foundation.framework; sourceTree = SDKROOT; };
		CD8EB70C196C3DAF00B65E9C /* CoreGraphics.framework */ = {isa = PBXFileReference; lastKnownFileType = wrapper.framework; name = CoreGraphics.framework; path = System/Library/Frameworks/CoreGraphics.framework; sourceTree = SDKROOT; };
		CD8EB70E196C3DAF00B65E9C /* UIKit.framework */ = {isa = PBXFileReference; lastKnownFileType = wrapper.framework; name = UIKit.framework; path = System/Library/Frameworks/UIKit.framework; sourceTree = SDKROOT; };
		CD8EB712196C3DAF00B65E9C /* dragDrop-Info.plist */ = {isa = PBXFileReference; lastKnownFileType = text.plist.xml; path = "dragDrop-Info.plist"; sourceTree = "<group>"; };
		CD8EB714196C3DAF00B65E9C /* en */ = {isa = PBXFileReference; lastKnownFileType = text.plist.strings; name = en; path = en.lproj/InfoPlist.strings; sourceTree = "<group>"; };
		CD8EB716196C3DAF00B65E9C /* main.m */ = {isa = PBXFileReference; lastKnownFileType = sourcecode.c.objc; path = main.m; sourceTree = "<group>"; };
		CD8EB718196C3DAF00B65E9C /* dragDrop-Prefix.pch */ = {isa = PBXFileReference; lastKnownFileType = sourcecode.c.h; path = "dragDrop-Prefix.pch"; sourceTree = "<group>"; };
		CD8EB719196C3DAF00B65E9C /* StatusBarAppDelegate.h */ = {isa = PBXFileReference; lastKnownFileType = sourcecode.c.h; path = StatusBarAppDelegate.h; sourceTree = "<group>"; };
		CD8EB71A196C3DAF00B65E9C /* StatusBarAppDelegate.m */ = {isa = PBXFileReference; lastKnownFileType = sourcecode.c.objc; path = StatusBarAppDelegate.m; sourceTree = "<group>"; };
		CD8EB71D196C3DAF00B65E9C /* Base */ = {isa = PBXFileReference; lastKnownFileType = file.storyboard; name = Base; path = Base.lproj/Main.storyboard; sourceTree = "<group>"; };
		CD8EB71F196C3DAF00B65E9C /* StatusBarViewController.h */ = {isa = PBXFileReference; lastKnownFileType = sourcecode.c.h; path = StatusBarViewController.h; sourceTree = "<group>"; };
		CD8EB720196C3DAF00B65E9C /* StatusBarViewController.m */ = {isa = PBXFileReference; lastKnownFileType = sourcecode.c.objc; path = StatusBarViewController.m; sourceTree = "<group>"; };
		CD8EB722196C3DAF00B65E9C /* Images.xcassets */ = {isa = PBXFileReference; lastKnownFileType = folder.assetcatalog; path = Images.xcassets; sourceTree = "<group>"; };
		CD8EB728196C3DAF00B65E9C /* dragDropTests.xctest */ = {isa = PBXFileReference; explicitFileType = wrapper.cfbundle; includeInIndex = 0; path = dragDropTests.xctest; sourceTree = BUILT_PRODUCTS_DIR; };
		CD8EB729196C3DAF00B65E9C /* XCTest.framework */ = {isa = PBXFileReference; lastKnownFileType = wrapper.framework; name = XCTest.framework; path = Library/Frameworks/XCTest.framework; sourceTree = DEVELOPER_DIR; };
		CD8EB731196C3DAF00B65E9C /* dragDropTests-Info.plist */ = {isa = PBXFileReference; lastKnownFileType = text.plist.xml; path = "dragDropTests-Info.plist"; sourceTree = "<group>"; };
		CD8EB733196C3DAF00B65E9C /* en */ = {isa = PBXFileReference; lastKnownFileType = text.plist.strings; name = en; path = en.lproj/InfoPlist.strings; sourceTree = "<group>"; };
		CD8EB735196C3DAF00B65E9C /* dragDropTests.m */ = {isa = PBXFileReference; lastKnownFileType = sourcecode.c.objc; path = dragDropTests.m; sourceTree = "<group>"; };
/* End PBXFileReference section */

/* Begin PBXFrameworksBuildPhase section */
		CD8EB704196C3DAF00B65E9C /* Frameworks */ = {
			isa = PBXFrameworksBuildPhase;
			buildActionMask = 2147483647;
			files = (
				CD8EB70D196C3DAF00B65E9C /* CoreGraphics.framework in Frameworks */,
				CD8EB70F196C3DAF00B65E9C /* UIKit.framework in Frameworks */,
				CD8EB70B196C3DAF00B65E9C /* Foundation.framework in Frameworks */,
			);
			runOnlyForDeploymentPostprocessing = 0;
		};
		CD8EB725196C3DAF00B65E9C /* Frameworks */ = {
			isa = PBXFrameworksBuildPhase;
			buildActionMask = 2147483647;
			files = (
				CD8EB72A196C3DAF00B65E9C /* XCTest.framework in Frameworks */,
				CD8EB72C196C3DAF00B65E9C /* UIKit.framework in Frameworks */,
				CD8EB72B196C3DAF00B65E9C /* Foundation.framework in Frameworks */,
			);
			runOnlyForDeploymentPostprocessing = 0;
		};
/* End PBXFrameworksBuildPhase section */

/* Begin PBXGroup section */
		CD8EB6FE196C3DAF00B65E9C = {
			isa = PBXGroup;
			children = (
				CD8EB710196C3DAF00B65E9C /* dragDrop */,
				CD8EB72F196C3DAF00B65E9C /* dragDropTests */,
				CD8EB709196C3DAF00B65E9C /* Frameworks */,
				CD8EB708196C3DAF00B65E9C /* Products */,
			);
			sourceTree = "<group>";
		};
		CD8EB708196C3DAF00B65E9C /* Products */ = {
			isa = PBXGroup;
			children = (
				CD8EB707196C3DAF00B65E9C /* dragDrop.app */,
				CD8EB728196C3DAF00B65E9C /* dragDropTests.xctest */,
			);
			name = Products;
			sourceTree = "<group>";
		};
		CD8EB709196C3DAF00B65E9C /* Frameworks */ = {
			isa = PBXGroup;
			children = (
				CD8EB70A196C3DAF00B65E9C /* Foundation.framework */,
				CD8EB70C196C3DAF00B65E9C /* CoreGraphics.framework */,
				CD8EB70E196C3DAF00B65E9C /* UIKit.framework */,
				CD8EB729196C3DAF00B65E9C /* XCTest.framework */,
			);
			name = Frameworks;
			sourceTree = "<group>";
		};
		CD8EB710196C3DAF00B65E9C /* dragDrop */ = {
			isa = PBXGroup;
			children = (
				CD8EB719196C3DAF00B65E9C /* StatusBarAppDelegate.h */,
				CD8EB71A196C3DAF00B65E9C /* StatusBarAppDelegate.m */,
				CD8EB71C196C3DAF00B65E9C /* Main.storyboard */,
				CD8EB71F196C3DAF00B65E9C /* StatusBarViewController.h */,
				CD8EB720196C3DAF00B65E9C /* StatusBarViewController.m */,
				CD8EB722196C3DAF00B65E9C /* Images.xcassets */,
				CD8EB711196C3DAF00B65E9C /* Supporting Files */,
			);
			path = dragDrop;
			sourceTree = "<group>";
		};
		CD8EB711196C3DAF00B65E9C /* Supporting Files */ = {
			isa = PBXGroup;
			children = (
				CD8EB712196C3DAF00B65E9C /* dragDrop-Info.plist */,
				CD8EB713196C3DAF00B65E9C /* InfoPlist.strings */,
				CD8EB716196C3DAF00B65E9C /* main.m */,
				CD8EB718196C3DAF00B65E9C /* dragDrop-Prefix.pch */,
			);
			name = "Supporting Files";
			sourceTree = "<group>";
		};
		CD8EB72F196C3DAF00B65E9C /* dragDropTests */ = {
			isa = PBXGroup;
			children = (
				CD8EB735196C3DAF00B65E9C /* dragDropTests.m */,
				CD8EB730196C3DAF00B65E9C /* Supporting Files */,
			);
			path = dragDropTests;
			sourceTree = "<group>";
		};
		CD8EB730196C3DAF00B65E9C /* Supporting Files */ = {
			isa = PBXGroup;
			children = (
				CD8EB731196C3DAF00B65E9C /* dragDropTests-Info.plist */,
				CD8EB732196C3DAF00B65E9C /* InfoPlist.strings */,
			);
			name = "Supporting Files";
			sourceTree = "<group>";
		};
/* End PBXGroup section */

/* Begin PBXNativeTarget section */
		CD8EB706196C3DAF00B65E9C /* dragDrop */ = {
			isa = PBXNativeTarget;
			buildConfigurationList = CD8EB739196C3DAF00B65E9C /* Build configuration list for PBXNativeTarget "dragDrop" */;
			buildPhases = (
				CD8EB703196C3DAF00B65E9C /* Sources */,
				CD8EB704196C3DAF00B65E9C /* Frameworks */,
				CD8EB705196C3DAF00B65E9C /* Resources */,
			);
			buildRules = (
			);
			dependencies = (
			);
			name = dragDrop;
			productName = dragDrop;
			productReference = CD8EB707196C3DAF00B65E9C /* dragDrop.app */;
			productType = "com.apple.product-type.application";
		};
		CD8EB727196C3DAF00B65E9C /* dragDropTests */ = {
			isa = PBXNativeTarget;
			buildConfigurationList = CD8EB73C196C3DAF00B65E9C /* Build configuration list for PBXNativeTarget "dragDropTests" */;
			buildPhases = (
				CD8EB724196C3DAF00B65E9C /* Sources */,
				CD8EB725196C3DAF00B65E9C /* Frameworks */,
				CD8EB726196C3DAF00B65E9C /* Resources */,
			);
			buildRules = (
			);
			dependencies = (
				CD8EB72E196C3DAF00B65E9C /* PBXTargetDependency */,
			);
			name = dragDropTests;
			productName = dragDropTests;
			productReference = CD8EB728196C3DAF00B65E9C /* dragDropTests.xctest */;
			productType = "com.apple.product-type.bundle.unit-test";
		};
/* End PBXNativeTarget section */

/* Begin PBXProject section */
		CD8EB6FF196C3DAF00B65E9C /* Project object */ = {
			isa = PBXProject;
			attributes = {
				CLASSPREFIX = StatusBar;
				LastUpgradeCheck = 0510;
				ORGANIZATIONNAME = fuluchii;
				TargetAttributes = {
					CD8EB727196C3DAF00B65E9C = {
						TestTargetID = CD8EB706196C3DAF00B65E9C;
					};
				};
			};
			buildConfigurationList = CD8EB702196C3DAF00B65E9C /* Build configuration list for PBXProject "dragDrop" */;
			compatibilityVersion = "Xcode 3.2";
			developmentRegion = English;
			hasScannedForEncodings = 0;
			knownRegions = (
				en,
				Base,
			);
			mainGroup = CD8EB6FE196C3DAF00B65E9C;
			productRefGroup = CD8EB708196C3DAF00B65E9C /* Products */;
			projectDirPath = "";
			projectRoot = "";
			targets = (
				CD8EB706196C3DAF00B65E9C /* dragDrop */,
				CD8EB727196C3DAF00B65E9C /* dragDropTests */,
			);
		};
/* End PBXProject section */

/* Begin PBXResourcesBuildPhase section */
		CD8EB705196C3DAF00B65E9C /* Resources */ = {
			isa = PBXResourcesBuildPhase;
			buildActionMask = 2147483647;
			files = (
				CD8EB723196C3DAF00B65E9C /* Images.xcassets in Resources */,
				CD8EB715196C3DAF00B65E9C /* InfoPlist.strings in Resources */,
				CD8EB71E196C3DAF00B65E9C /* Main.storyboard in Resources */,
			);
			runOnlyForDeploymentPostprocessing = 0;
		};
		CD8EB726196C3DAF00B65E9C /* Resources */ = {
			isa = PBXResourcesBuildPhase;
			buildActionMask = 2147483647;
			files = (
				CD8EB734196C3DAF00B65E9C /* InfoPlist.strings in Resources */,
			);
			runOnlyForDeploymentPostprocessing = 0;
		};
/* End PBXResourcesBuildPhase section */

/* Begin PBXSourcesBuildPhase section */
		CD8EB703196C3DAF00B65E9C /* Sources */ = {
			isa = PBXSourcesBuildPhase;
			buildActionMask = 2147483647;
			files = (
				CD8EB721196C3DAF00B65E9C /* StatusBarViewController.m in Sources */,
				CD8EB71B196C3DAF00B65E9C /* StatusBarAppDelegate.m in Sources */,
				CD8EB717196C3DAF00B65E9C /* main.m in Sources */,
			);
			runOnlyForDeploymentPostprocessing = 0;
		};
		CD8EB724196C3DAF00B65E9C /* Sources */ = {
			isa = PBXSourcesBuildPhase;
			buildActionMask = 2147483647;
			files = (
				CD8EB736196C3DAF00B65E9C /* dragDropTests.m in Sources */,
			);
			runOnlyForDeploymentPostprocessing = 0;
		};
/* End PBXSourcesBuildPhase section */

/* Begin PBXTargetDependency section */
		CD8EB72E196C3DAF00B65E9C /* PBXTargetDependency */ = {
			isa = PBXTargetDependency;
			target = CD8EB706196C3DAF00B65E9C /* dragDrop */;
			targetProxy = CD8EB72D196C3DAF00B65E9C /* PBXContainerItemProxy */;
		};
/* End PBXTargetDependency section */

/* Begin PBXVariantGroup section */
		CD8EB713196C3DAF00B65E9C /* InfoPlist.strings */ = {
			isa = PBXVariantGroup;
			children = (
				CD8EB714196C3DAF00B65E9C /* en */,
			);
			name = InfoPlist.strings;
			sourceTree = "<group>";
		};
		CD8EB71C196C3DAF00B65E9C /* Main.storyboard */ = {
			isa = PBXVariantGroup;
			children = (
				CD8EB71D196C3DAF00B65E9C /* Base */,
			);
			name = Main.storyboard;
			sourceTree = "<group>";
		};
		CD8EB732196C3DAF00B65E9C /* InfoPlist.strings */ = {
			isa = PBXVariantGroup;
			children = (
				CD8EB733196C3DAF00B65E9C /* en */,
			);
			name = InfoPlist.strings;
			sourceTree = "<group>";
		};
/* End PBXVariantGroup section */

/* Begin XCBuildConfiguration section */
		CD8EB737196C3DAF00B65E9C /* Debug */ = {
			isa = XCBuildConfiguration;
			buildSettings = {
				ALWAYS_SEARCH_USER_PATHS = NO;
				CLANG_CXX_LANGUAGE_STANDARD = "gnu++0x";
				CLANG_CXX_LIBRARY = "libc++";
				CLANG_ENABLE_MODULES = YES;
				CLANG_ENABLE_OBJC_ARC = YES;
				CLANG_WARN_BOOL_CONVERSION = YES;
				CLANG_WARN_CONSTANT_CONVERSION = YES;
				CLANG_WARN_DIRECT_OBJC_ISA_USAGE = YES_ERROR;
				CLANG_WARN_EMPTY_BODY = YES;
				CLANG_WARN_ENUM_CONVERSION = YES;
				CLANG_WARN_INT_CONVERSION = YES;
				CLANG_WARN_OBJC_ROOT_CLASS = YES_ERROR;
				CLANG_WARN__DUPLICATE_METHOD_MATCH = YES;
				"CODE_SIGN_IDENTITY[sdk=iphoneos*]" = "iPhone Developer";
				COPY_PHASE_STRIP = NO;
				GCC_C_LANGUAGE_STANDARD = gnu99;
				GCC_DYNAMIC_NO_PIC = NO;
				GCC_OPTIMIZATION_LEVEL = 0;
				GCC_PREPROCESSOR_DEFINITIONS = (
					"DEBUG=1",
					"$(inherited)",
				);
				GCC_SYMBOLS_PRIVATE_EXTERN = NO;
				GCC_WARN_64_TO_32_BIT_CONVERSION = YES;
				GCC_WARN_ABOUT_RETURN_TYPE = YES_ERROR;
				GCC_WARN_UNDECLARED_SELECTOR = YES;
				GCC_WARN_UNINITIALIZED_AUTOS = YES_AGGRESSIVE;
				GCC_WARN_UNUSED_FUNCTION = YES;
				GCC_WARN_UNUSED_VARIABLE = YES;
				IPHONEOS_DEPLOYMENT_TARGET = 7.1;
				ONLY_ACTIVE_ARCH = YES;
				SDKROOT = iphoneos;
			};
			name = Debug;
		};
		CD8EB738196C3DAF00B65E9C /* Release */ = {
			isa = XCBuildConfiguration;
			buildSettings = {
				ALWAYS_SEARCH_USER_PATHS = NO;
				CLANG_CXX_LANGUAGE_STANDARD = "gnu++0x";
				CLANG_CXX_LIBRARY = "libc++";
				CLANG_ENABLE_MODULES = YES;
				CLANG_ENABLE_OBJC_ARC = YES;
				CLANG_WARN_BOOL_CONVERSION = YES;
				CLANG_WARN_CONSTANT_CONVERSION = YES;
				CLANG_WARN_DIRECT_OBJC_ISA_USAGE = YES_ERROR;
				CLANG_WARN_EMPTY_BODY = YES;
				CLANG_WARN_ENUM_CONVERSION = YES;
				CLANG_WARN_INT_CONVERSION = YES;
				CLANG_WARN_OBJC_ROOT_CLASS = YES_ERROR;
				CLANG_WARN__DUPLICATE_METHOD_MATCH = YES;
				"CODE_SIGN_IDENTITY[sdk=iphoneos*]" = "iPhone Developer";
				COPY_PHASE_STRIP = YES;
				ENABLE_NS_ASSERTIONS = NO;
				GCC_C_LANGUAGE_STANDARD = gnu99;
				GCC_WARN_64_TO_32_BIT_CONVERSION = YES;
				GCC_WARN_ABOUT_RETURN_TYPE = YES_ERROR;
				GCC_WARN_UNDECLARED_SELECTOR = YES;
				GCC_WARN_UNINITIALIZED_AUTOS = YES_AGGRESSIVE;
				GCC_WARN_UNUSED_FUNCTION = YES;
				GCC_WARN_UNUSED_VARIABLE = YES;
				IPHONEOS_DEPLOYMENT_TARGET = 7.1;
				SDKROOT = iphoneos;
				VALIDATE_PRODUCT = YES;
			};
			name = Release;
		};
		CD8EB73A196C3DAF00B65E9C /* Debug */ = {
			isa = XCBuildConfiguration;
			buildSettings = {
				ASSETCATALOG_COMPILER_APPICON_NAME = AppIcon;
				ASSETCATALOG_COMPILER_LAUNCHIMAGE_NAME = LaunchImage;
				GCC_PRECOMPILE_PREFIX_HEADER = YES;
				GCC_PREFIX_HEADER = "dragDrop/dragDrop-Prefix.pch";
				INFOPLIST_FILE = "dragDrop/dragDrop-Info.plist";
				PRODUCT_NAME = "$(TARGET_NAME)";
				WRAPPER_EXTENSION = app;
			};
			name = Debug;
		};
		CD8EB73B196C3DAF00B65E9C /* Release */ = {
			isa = XCBuildConfiguration;
			buildSettings = {
				ASSETCATALOG_COMPILER_APPICON_NAME = AppIcon;
				ASSETCATALOG_COMPILER_LAUNCHIMAGE_NAME = LaunchImage;
				GCC_PRECOMPILE_PREFIX_HEADER = YES;
				GCC_PREFIX_HEADER = "dragDrop/dragDrop-Prefix.pch";
				INFOPLIST_FILE = "dragDrop/dragDrop-Info.plist";
				PRODUCT_NAME = "$(TARGET_NAME)";
				WRAPPER_EXTENSION = app;
			};
			name = Release;
		};
		CD8EB73D196C3DAF00B65E9C /* Debug */ = {
			isa = XCBuildConfiguration;
			buildSettings = {
				BUNDLE_LOADER = "$(BUILT_PRODUCTS_DIR)/dragDrop.app/dragDrop";
				FRAMEWORK_SEARCH_PATHS = (
					"$(SDKROOT)/Developer/Library/Frameworks",
					"$(inherited)",
					"$(DEVELOPER_FRAMEWORKS_DIR)",
				);
				GCC_PRECOMPILE_PREFIX_HEADER = YES;
				GCC_PREFIX_HEADER = "dragDrop/dragDrop-Prefix.pch";
				GCC_PREPROCESSOR_DEFINITIONS = (
					"DEBUG=1",
					"$(inherited)",
				);
				INFOPLIST_FILE = "dragDropTests/dragDropTests-Info.plist";
				PRODUCT_NAME = "$(TARGET_NAME)";
				TEST_HOST = "$(BUNDLE_LOADER)";
				WRAPPER_EXTENSION = xctest;
			};
			name = Debug;
		};
		CD8EB73E196C3DAF00B65E9C /* Release */ = {
			isa = XCBuildConfiguration;
			buildSettings = {
				BUNDLE_LOADER = "$(BUILT_PRODUCTS_DIR)/dragDrop.app/dragDrop";
				FRAMEWORK_SEARCH_PATHS = (
					"$(SDKROOT)/Developer/Library/Frameworks",
					"$(inherited)",
					"$(DEVELOPER_FRAMEWORKS_DIR)",
				);
				GCC_PRECOMPILE_PREFIX_HEADER = YES;
				GCC_PREFIX_HEADER = "dragDrop/dragDrop-Prefix.pch";
				INFOPLIST_FILE = "dragDropTests/dragDropTests-Info.plist";
				PRODUCT_NAME = "$(TARGET_NAME)";
				TEST_HOST = "$(BUNDLE_LOADER)";
				WRAPPER_EXTENSION = xctest;
			};
			name = Release;
		};
/* End XCBuildConfiguration section */

/* Begin XCConfigurationList section */
		CD8EB702196C3DAF00B65E9C /* Build configuration list for PBXProject "dragDrop" */ = {
			isa = XCConfigurationList;
			buildConfigurations = (
				CD8EB737196C3DAF00B65E9C /* Debug */,
				CD8EB738196C3DAF00B65E9C /* Release */,
			);
			defaultConfigurationIsVisible = 0;
			defaultConfigurationName = Release;
		};
		CD8EB739196C3DAF00B65E9C /* Build configuration list for PBXNativeTarget "dragDrop" */ = {
			isa = XCConfigurationList;
			buildConfigurations = (
				CD8EB73A196C3DAF00B65E9C /* Debug */,
				CD8EB73B196C3DAF00B65E9C /* Release */,
			);
			defaultConfigurationIsVisible = 0;
		};
		CD8EB73C196C3DAF00B65E9C /* Build configuration list for PBXNativeTarget "dragDropTests" */ = {
			isa = XCConfigurationList;
			buildConfigurations = (
				CD8EB73D196C3DAF00B65E9C /* Debug */,
				CD8EB73E196C3DAF00B65E9C /* Release */,
			);
			defaultConfigurationIsVisible = 0;
		};
/* End XCConfigurationList section */
	};
	rootObject = CD8EB6FF196C3DAF00B65E9C /* Project object */;
}
