// !$*UTF8*$!
{
	archiveVersion = 1;
	classes = {
	};
	objectVersion = 46;
	objects = {

/* Begin PBXBuildFile section */
		CD8EB74C196C534000B65E9C /* Foundation.framework in Frameworks */ = {isa = PBXBuildFile; fileRef = CD8EB74B196C534000B65E9C /* Foundation.framework */; };
		CD8EB74E196C534000B65E9C /* CoreGraphics.framework in Frameworks */ = {isa = PBXBuildFile; fileRef = CD8EB74D196C534000B65E9C /* CoreGraphics.framework */; };
		CD8EB750196C534000B65E9C /* UIKit.framework in Frameworks */ = {isa = PBXBuildFile; fileRef = CD8EB74F196C534000B65E9C /* UIKit.framework */; };
		CD8EB756196C534000B65E9C /* InfoPlist.strings in Resources */ = {isa = PBXBuildFile; fileRef = CD8EB754196C534000B65E9C /* InfoPlist.strings */; };
		CD8EB758196C534000B65E9C /* main.m in Sources */ = {isa = PBXBuildFile; fileRef = CD8EB757196C534000B65E9C /* main.m */; };
		CD8EB75C196C534000B65E9C /* StatusBarAppDelegate.m in Sources */ = {isa = PBXBuildFile; fileRef = CD8EB75B196C534000B65E9C /* StatusBarAppDelegate.m */; };
		CD8EB75F196C534000B65E9C /* Main.storyboard in Resources */ = {isa = PBXBuildFile; fileRef = CD8EB75D196C534000B65E9C /* Main.storyboard */; };
		CD8EB762196C534000B65E9C /* StatusBarViewController.m in Sources */ = {isa = PBXBuildFile; fileRef = CD8EB761196C534000B65E9C /* StatusBarViewController.m */; };
		CD8EB764196C534000B65E9C /* Images.xcassets in Resources */ = {isa = PBXBuildFile; fileRef = CD8EB763196C534000B65E9C /* Images.xcassets */; };
		CD8EB76B196C534000B65E9C /* XCTest.framework in Frameworks */ = {isa = PBXBuildFile; fileRef = CD8EB76A196C534000B65E9C /* XCTest.framework */; };
		CD8EB76C196C534000B65E9C /* Foundation.framework in Frameworks */ = {isa = PBXBuildFile; fileRef = CD8EB74B196C534000B65E9C /* Foundation.framework */; };
		CD8EB76D196C534000B65E9C /* UIKit.framework in Frameworks */ = {isa = PBXBuildFile; fileRef = CD8EB74F196C534000B65E9C /* UIKit.framework */; };
		CD8EB775196C534000B65E9C /* InfoPlist.strings in Resources */ = {isa = PBXBuildFile; fileRef = CD8EB773196C534000B65E9C /* InfoPlist.strings */; };
		CD8EB777196C534000B65E9C /* dragDropGestureTests.m in Sources */ = {isa = PBXBuildFile; fileRef = CD8EB776196C534000B65E9C /* dragDropGestureTests.m */; };
/* End PBXBuildFile section */

/* Begin PBXContainerItemProxy section */
		CD8EB76E196C534000B65E9C /* PBXContainerItemProxy */ = {
			isa = PBXContainerItemProxy;
			containerPortal = CD8EB740196C534000B65E9C /* Project object */;
			proxyType = 1;
			remoteGlobalIDString = CD8EB747196C534000B65E9C;
			remoteInfo = dragDropGesture;
		};
/* End PBXContainerItemProxy section */

/* Begin PBXFileReference section */
		CD8EB748196C534000B65E9C /* dragDropGesture.app */ = {isa = PBXFileReference; explicitFileType = wrapper.application; includeInIndex = 0; path = dragDropGesture.app; sourceTree = BUILT_PRODUCTS_DIR; };
		CD8EB74B196C534000B65E9C /* Foundation.framework */ = {isa = PBXFileReference; lastKnownFileType = wrapper.framework; name = Foundation.framework; path = System/Library/Frameworks/Foundation.framework; sourceTree = SDKROOT; };
		CD8EB74D196C534000B65E9C /* CoreGraphics.framework */ = {isa = PBXFileReference; lastKnownFileType = wrapper.framework; name = CoreGraphics.framework; path = System/Library/Frameworks/CoreGraphics.framework; sourceTree = SDKROOT; };
		CD8EB74F196C534000B65E9C /* UIKit.framework */ = {isa = PBXFileReference; lastKnownFileType = wrapper.framework; name = UIKit.framework; path = System/Library/Frameworks/UIKit.framework; sourceTree = SDKROOT; };
		CD8EB753196C534000B65E9C /* dragDropGesture-Info.plist */ = {isa = PBXFileReference; lastKnownFileType = text.plist.xml; path = "dragDropGesture-Info.plist"; sourceTree = "<group>"; };
		CD8EB755196C534000B65E9C /* en */ = {isa = PBXFileReference; lastKnownFileType = text.plist.strings; name = en; path = en.lproj/InfoPlist.strings; sourceTree = "<group>"; };
		CD8EB757196C534000B65E9C /* main.m */ = {isa = PBXFileReference; lastKnownFileType = sourcecode.c.objc; path = main.m; sourceTree = "<group>"; };
		CD8EB759196C534000B65E9C /* dragDropGesture-Prefix.pch */ = {isa = PBXFileReference; lastKnownFileType = sourcecode.c.h; path = "dragDropGesture-Prefix.pch"; sourceTree = "<group>"; };
		CD8EB75A196C534000B65E9C /* StatusBarAppDelegate.h */ = {isa = PBXFileReference; lastKnownFileType = sourcecode.c.h; path = StatusBarAppDelegate.h; sourceTree = "<group>"; };
		CD8EB75B196C534000B65E9C /* StatusBarAppDelegate.m */ = {isa = PBXFileReference; lastKnownFileType = sourcecode.c.objc; path = StatusBarAppDelegate.m; sourceTree = "<group>"; };
		CD8EB75E196C534000B65E9C /* Base */ = {isa = PBXFileReference; lastKnownFileType = file.storyboard; name = Base; path = Base.lproj/Main.storyboard; sourceTree = "<group>"; };
		CD8EB760196C534000B65E9C /* StatusBarViewController.h */ = {isa = PBXFileReference; lastKnownFileType = sourcecode.c.h; path = StatusBarViewController.h; sourceTree = "<group>"; };
		CD8EB761196C534000B65E9C /* StatusBarViewController.m */ = {isa = PBXFileReference; lastKnownFileType = sourcecode.c.objc; path = StatusBarViewController.m; sourceTree = "<group>"; };
		CD8EB763196C534000B65E9C /* Images.xcassets */ = {isa = PBXFileReference; lastKnownFileType = folder.assetcatalog; path = Images.xcassets; sourceTree = "<group>"; };
		CD8EB769196C534000B65E9C /* dragDropGestureTests.xctest */ = {isa = PBXFileReference; explicitFileType = wrapper.cfbundle; includeInIndex = 0; path = dragDropGestureTests.xctest; sourceTree = BUILT_PRODUCTS_DIR; };
		CD8EB76A196C534000B65E9C /* XCTest.framework */ = {isa = PBXFileReference; lastKnownFileType = wrapper.framework; name = XCTest.framework; path = Library/Frameworks/XCTest.framework; sourceTree = DEVELOPER_DIR; };
		CD8EB772196C534000B65E9C /* dragDropGestureTests-Info.plist */ = {isa = PBXFileReference; lastKnownFileType = text.plist.xml; path = "dragDropGestureTests-Info.plist"; sourceTree = "<group>"; };
		CD8EB774196C534000B65E9C /* en */ = {isa = PBXFileReference; lastKnownFileType = text.plist.strings; name = en; path = en.lproj/InfoPlist.strings; sourceTree = "<group>"; };
		CD8EB776196C534000B65E9C /* dragDropGestureTests.m */ = {isa = PBXFileReference; lastKnownFileType = sourcecode.c.objc; path = dragDropGestureTests.m; sourceTree = "<group>"; };
/* End PBXFileReference section */

/* Begin PBXFrameworksBuildPhase section */
		CD8EB745196C534000B65E9C /* Frameworks */ = {
			isa = PBXFrameworksBuildPhase;
			buildActionMask = 2147483647;
			files = (
				CD8EB74E196C534000B65E9C /* CoreGraphics.framework in Frameworks */,
				CD8EB750196C534000B65E9C /* UIKit.framework in Frameworks */,
				CD8EB74C196C534000B65E9C /* Foundation.framework in Frameworks */,
			);
			runOnlyForDeploymentPostprocessing = 0;
		};
		CD8EB766196C534000B65E9C /* Frameworks */ = {
			isa = PBXFrameworksBuildPhase;
			buildActionMask = 2147483647;
			files = (
				CD8EB76B196C534000B65E9C /* XCTest.framework in Frameworks */,
				CD8EB76D196C534000B65E9C /* UIKit.framework in Frameworks */,
				CD8EB76C196C534000B65E9C /* Foundation.framework in Frameworks */,
			);
			runOnlyForDeploymentPostprocessing = 0;
		};
/* End PBXFrameworksBuildPhase section */

/* Begin PBXGroup section */
		CD8EB73F196C534000B65E9C = {
			isa = PBXGroup;
			children = (
				CD8EB751196C534000B65E9C /* dragDropGesture */,
				CD8EB770196C534000B65E9C /* dragDropGestureTests */,
				CD8EB74A196C534000B65E9C /* Frameworks */,
				CD8EB749196C534000B65E9C /* Products */,
			);
			sourceTree = "<group>";
		};
		CD8EB749196C534000B65E9C /* Products */ = {
			isa = PBXGroup;
			children = (
				CD8EB748196C534000B65E9C /* dragDropGesture.app */,
				CD8EB769196C534000B65E9C /* dragDropGestureTests.xctest */,
			);
			name = Products;
			sourceTree = "<group>";
		};
		CD8EB74A196C534000B65E9C /* Frameworks */ = {
			isa = PBXGroup;
			children = (
				CD8EB74B196C534000B65E9C /* Foundation.framework */,
				CD8EB74D196C534000B65E9C /* CoreGraphics.framework */,
				CD8EB74F196C534000B65E9C /* UIKit.framework */,
				CD8EB76A196C534000B65E9C /* XCTest.framework */,
			);
			name = Frameworks;
			sourceTree = "<group>";
		};
		CD8EB751196C534000B65E9C /* dragDropGesture */ = {
			isa = PBXGroup;
			children = (
				CD8EB75A196C534000B65E9C /* StatusBarAppDelegate.h */,
				CD8EB75B196C534000B65E9C /* StatusBarAppDelegate.m */,
				CD8EB75D196C534000B65E9C /* Main.storyboard */,
				CD8EB760196C534000B65E9C /* StatusBarViewController.h */,
				CD8EB761196C534000B65E9C /* StatusBarViewController.m */,
				CD8EB763196C534000B65E9C /* Images.xcassets */,
				CD8EB752196C534000B65E9C /* Supporting Files */,
			);
			path = dragDropGesture;
			sourceTree = "<group>";
		};
		CD8EB752196C534000B65E9C /* Supporting Files */ = {
			isa = PBXGroup;
			children = (
				CD8EB753196C534000B65E9C /* dragDropGesture-Info.plist */,
				CD8EB754196C534000B65E9C /* InfoPlist.strings */,
				CD8EB757196C534000B65E9C /* main.m */,
				CD8EB759196C534000B65E9C /* dragDropGesture-Prefix.pch */,
			);
			name = "Supporting Files";
			sourceTree = "<group>";
		};
		CD8EB770196C534000B65E9C /* dragDropGestureTests */ = {
			isa = PBXGroup;
			children = (
				CD8EB776196C534000B65E9C /* dragDropGestureTests.m */,
				CD8EB771196C534000B65E9C /* Supporting Files */,
			);
			path = dragDropGestureTests;
			sourceTree = "<group>";
		};
		CD8EB771196C534000B65E9C /* Supporting Files */ = {
			isa = PBXGroup;
			children = (
				CD8EB772196C534000B65E9C /* dragDropGestureTests-Info.plist */,
				CD8EB773196C534000B65E9C /* InfoPlist.strings */,
			);
			name = "Supporting Files";
			sourceTree = "<group>";
		};
/* End PBXGroup section */

/* Begin PBXNativeTarget section */
		CD8EB747196C534000B65E9C /* dragDropGesture */ = {
			isa = PBXNativeTarget;
			buildConfigurationList = CD8EB77A196C534000B65E9C /* Build configuration list for PBXNativeTarget "dragDropGesture" */;
			buildPhases = (
				CD8EB744196C534000B65E9C /* Sources */,
				CD8EB745196C534000B65E9C /* Frameworks */,
				CD8EB746196C534000B65E9C /* Resources */,
			);
			buildRules = (
			);
			dependencies = (
			);
			name = dragDropGesture;
			productName = dragDropGesture;
			productReference = CD8EB748196C534000B65E9C /* dragDropGesture.app */;
			productType = "com.apple.product-type.application";
		};
		CD8EB768196C534000B65E9C /* dragDropGestureTests */ = {
			isa = PBXNativeTarget;
			buildConfigurationList = CD8EB77D196C534000B65E9C /* Build configuration list for PBXNativeTarget "dragDropGestureTests" */;
			buildPhases = (
				CD8EB765196C534000B65E9C /* Sources */,
				CD8EB766196C534000B65E9C /* Frameworks */,
				CD8EB767196C534000B65E9C /* Resources */,
			);
			buildRules = (
			);
			dependencies = (
				CD8EB76F196C534000B65E9C /* PBXTargetDependency */,
			);
			name = dragDropGestureTests;
			productName = dragDropGestureTests;
			productReference = CD8EB769196C534000B65E9C /* dragDropGestureTests.xctest */;
			productType = "com.apple.product-type.bundle.unit-test";
		};
/* End PBXNativeTarget section */

/* Begin PBXProject section */
		CD8EB740196C534000B65E9C /* Project object */ = {
			isa = PBXProject;
			attributes = {
				CLASSPREFIX = StatusBar;
				LastUpgradeCheck = 0510;
				ORGANIZATIONNAME = fuluchii;
				TargetAttributes = {
					CD8EB768196C534000B65E9C = {
						TestTargetID = CD8EB747196C534000B65E9C;
					};
				};
			};
			buildConfigurationList = CD8EB743196C534000B65E9C /* Build configuration list for PBXProject "dragDropGesture" */;
			compatibilityVersion = "Xcode 3.2";
			developmentRegion = English;
			hasScannedForEncodings = 0;
			knownRegions = (
				en,
				Base,
			);
			mainGroup = CD8EB73F196C534000B65E9C;
			productRefGroup = CD8EB749196C534000B65E9C /* Products */;
			projectDirPath = "";
			projectRoot = "";
			targets = (
				CD8EB747196C534000B65E9C /* dragDropGesture */,
				CD8EB768196C534000B65E9C /* dragDropGestureTests */,
			);
		};
/* End PBXProject section */

/* Begin PBXResourcesBuildPhase section */
		CD8EB746196C534000B65E9C /* Resources */ = {
			isa = PBXResourcesBuildPhase;
			buildActionMask = 2147483647;
			files = (
				CD8EB764196C534000B65E9C /* Images.xcassets in Resources */,
				CD8EB756196C534000B65E9C /* InfoPlist.strings in Resources */,
				CD8EB75F196C534000B65E9C /* Main.storyboard in Resources */,
			);
			runOnlyForDeploymentPostprocessing = 0;
		};
		CD8EB767196C534000B65E9C /* Resources */ = {
			isa = PBXResourcesBuildPhase;
			buildActionMask = 2147483647;
			files = (
				CD8EB775196C534000B65E9C /* InfoPlist.strings in Resources */,
			);
			runOnlyForDeploymentPostprocessing = 0;
		};
/* End PBXResourcesBuildPhase section */

/* Begin PBXSourcesBuildPhase section */
		CD8EB744196C534000B65E9C /* Sources */ = {
			isa = PBXSourcesBuildPhase;
			buildActionMask = 2147483647;
			files = (
				CD8EB762196C534000B65E9C /* StatusBarViewController.m in Sources */,
				CD8EB75C196C534000B65E9C /* StatusBarAppDelegate.m in Sources */,
				CD8EB758196C534000B65E9C /* main.m in Sources */,
			);
			runOnlyForDeploymentPostprocessing = 0;
		};
		CD8EB765196C534000B65E9C /* Sources */ = {
			isa = PBXSourcesBuildPhase;
			buildActionMask = 2147483647;
			files = (
				CD8EB777196C534000B65E9C /* dragDropGestureTests.m in Sources */,
			);
			runOnlyForDeploymentPostprocessing = 0;
		};
/* End PBXSourcesBuildPhase section */

/* Begin PBXTargetDependency section */
		CD8EB76F196C534000B65E9C /* PBXTargetDependency */ = {
			isa = PBXTargetDependency;
			target = CD8EB747196C534000B65E9C /* dragDropGesture */;
			targetProxy = CD8EB76E196C534000B65E9C /* PBXContainerItemProxy */;
		};
/* End PBXTargetDependency section */

/* Begin PBXVariantGroup section */
		CD8EB754196C534000B65E9C /* InfoPlist.strings */ = {
			isa = PBXVariantGroup;
			children = (
				CD8EB755196C534000B65E9C /* en */,
			);
			name = InfoPlist.strings;
			sourceTree = "<group>";
		};
		CD8EB75D196C534000B65E9C /* Main.storyboard */ = {
			isa = PBXVariantGroup;
			children = (
				CD8EB75E196C534000B65E9C /* Base */,
			);
			name = Main.storyboard;
			sourceTree = "<group>";
		};
		CD8EB773196C534000B65E9C /* InfoPlist.strings */ = {
			isa = PBXVariantGroup;
			children = (
				CD8EB774196C534000B65E9C /* en */,
			);
			name = InfoPlist.strings;
			sourceTree = "<group>";
		};
/* End PBXVariantGroup section */

/* Begin XCBuildConfiguration section */
		CD8EB778196C534000B65E9C /* Debug */ = {
			isa = XCBuildConfiguration;
			buildSettings = {
				ALWAYS_SEARCH_USER_PATHS = NO;
				CLANG_CXX_LANGUAGE_STANDARD = "gnu++0x";
				CLANG_CXX_LIBRARY = "libc++";
				CLANG_ENABLE_MODULES = YES;
				CLANG_ENABLE_OBJC_ARC = YES;
				CLANG_WARN_BOOL_CONVERSION = YES;
				CLANG_WARN_CONSTANT_CONVERSION = YES;
				CLANG_WARN_DIRECT_OBJC_ISA_USAGE = YES_ERROR;
				CLANG_WARN_EMPTY_BODY = YES;
				CLANG_WARN_ENUM_CONVERSION = YES;
				CLANG_WARN_INT_CONVERSION = YES;
				CLANG_WARN_OBJC_ROOT_CLASS = YES_ERROR;
				CLANG_WARN__DUPLICATE_METHOD_MATCH = YES;
				"CODE_SIGN_IDENTITY[sdk=iphoneos*]" = "iPhone Developer";
				COPY_PHASE_STRIP = NO;
				GCC_C_LANGUAGE_STANDARD = gnu99;
				GCC_DYNAMIC_NO_PIC = NO;
				GCC_OPTIMIZATION_LEVEL = 0;
				GCC_PREPROCESSOR_DEFINITIONS = (
					"DEBUG=1",
					"$(inherited)",
				);
				GCC_SYMBOLS_PRIVATE_EXTERN = NO;
				GCC_WARN_64_TO_32_BIT_CONVERSION = YES;
				GCC_WARN_ABOUT_RETURN_TYPE = YES_ERROR;
				GCC_WARN_UNDECLARED_SELECTOR = YES;
				GCC_WARN_UNINITIALIZED_AUTOS = YES_AGGRESSIVE;
				GCC_WARN_UNUSED_FUNCTION = YES;
				GCC_WARN_UNUSED_VARIABLE = YES;
				IPHONEOS_DEPLOYMENT_TARGET = 7.1;
				ONLY_ACTIVE_ARCH = YES;
				SDKROOT = iphoneos;
			};
			name = Debug;
		};
		CD8EB779196C534000B65E9C /* Release */ = {
			isa = XCBuildConfiguration;
			buildSettings = {
				ALWAYS_SEARCH_USER_PATHS = NO;
				CLANG_CXX_LANGUAGE_STANDARD = "gnu++0x";
				CLANG_CXX_LIBRARY = "libc++";
				CLANG_ENABLE_MODULES = YES;
				CLANG_ENABLE_OBJC_ARC = YES;
				CLANG_WARN_BOOL_CONVERSION = YES;
				CLANG_WARN_CONSTANT_CONVERSION = YES;
				CLANG_WARN_DIRECT_OBJC_ISA_USAGE = YES_ERROR;
				CLANG_WARN_EMPTY_BODY = YES;
				CLANG_WARN_ENUM_CONVERSION = YES;
				CLANG_WARN_INT_CONVERSION = YES;
				CLANG_WARN_OBJC_ROOT_CLASS = YES_ERROR;
				CLANG_WARN__DUPLICATE_METHOD_MATCH = YES;
				"CODE_SIGN_IDENTITY[sdk=iphoneos*]" = "iPhone Developer";
				COPY_PHASE_STRIP = YES;
				ENABLE_NS_ASSERTIONS = NO;
				GCC_C_LANGUAGE_STANDARD = gnu99;
				GCC_WARN_64_TO_32_BIT_CONVERSION = YES;
				GCC_WARN_ABOUT_RETURN_TYPE = YES_ERROR;
				GCC_WARN_UNDECLARED_SELECTOR = YES;
				GCC_WARN_UNINITIALIZED_AUTOS = YES_AGGRESSIVE;
				GCC_WARN_UNUSED_FUNCTION = YES;
				GCC_WARN_UNUSED_VARIABLE = YES;
				IPHONEOS_DEPLOYMENT_TARGET = 7.1;
				SDKROOT = iphoneos;
				VALIDATE_PRODUCT = YES;
			};
			name = Release;
		};
		CD8EB77B196C534000B65E9C /* Debug */ = {
			isa = XCBuildConfiguration;
			buildSettings = {
				ASSETCATALOG_COMPILER_APPICON_NAME = AppIcon;
				ASSETCATALOG_COMPILER_LAUNCHIMAGE_NAME = LaunchImage;
				GCC_PRECOMPILE_PREFIX_HEADER = YES;
				GCC_PREFIX_HEADER = "dragDropGesture/dragDropGesture-Prefix.pch";
				INFOPLIST_FILE = "dragDropGesture/dragDropGesture-Info.plist";
				PRODUCT_NAME = "$(TARGET_NAME)";
				WRAPPER_EXTENSION = app;
			};
			name = Debug;
		};
		CD8EB77C196C534000B65E9C /* Release */ = {
			isa = XCBuildConfiguration;
			buildSettings = {
				ASSETCATALOG_COMPILER_APPICON_NAME = AppIcon;
				ASSETCATALOG_COMPILER_LAUNCHIMAGE_NAME = LaunchImage;
				GCC_PRECOMPILE_PREFIX_HEADER = YES;
				GCC_PREFIX_HEADER = "dragDropGesture/dragDropGesture-Prefix.pch";
				INFOPLIST_FILE = "dragDropGesture/dragDropGesture-Info.plist";
				PRODUCT_NAME = "$(TARGET_NAME)";
				WRAPPER_EXTENSION = app;
			};
			name = Release;
		};
		CD8EB77E196C534000B65E9C /* Debug */ = {
			isa = XCBuildConfiguration;
			buildSettings = {
				BUNDLE_LOADER = "$(BUILT_PRODUCTS_DIR)/dragDropGesture.app/dragDropGesture";
				FRAMEWORK_SEARCH_PATHS = (
					"$(SDKROOT)/Developer/Library/Frameworks",
					"$(inherited)",
					"$(DEVELOPER_FRAMEWORKS_DIR)",
				);
				GCC_PRECOMPILE_PREFIX_HEADER = YES;
				GCC_PREFIX_HEADER = "dragDropGesture/dragDropGesture-Prefix.pch";
				GCC_PREPROCESSOR_DEFINITIONS = (
					"DEBUG=1",
					"$(inherited)",
				);
				INFOPLIST_FILE = "dragDropGestureTests/dragDropGestureTests-Info.plist";
				PRODUCT_NAME = "$(TARGET_NAME)";
				TEST_HOST = "$(BUNDLE_LOADER)";
				WRAPPER_EXTENSION = xctest;
			};
			name = Debug;
		};
		CD8EB77F196C534000B65E9C /* Release */ = {
			isa = XCBuildConfiguration;
			buildSettings = {
				BUNDLE_LOADER = "$(BUILT_PRODUCTS_DIR)/dragDropGesture.app/dragDropGesture";
				FRAMEWORK_SEARCH_PATHS = (
					"$(SDKROOT)/Developer/Library/Frameworks",
					"$(inherited)",
					"$(DEVELOPER_FRAMEWORKS_DIR)",
				);
				GCC_PRECOMPILE_PREFIX_HEADER = YES;
				GCC_PREFIX_HEADER = "dragDropGesture/dragDropGesture-Prefix.pch";
				INFOPLIST_FILE = "dragDropGestureTests/dragDropGestureTests-Info.plist";
				PRODUCT_NAME = "$(TARGET_NAME)";
				TEST_HOST = "$(BUNDLE_LOADER)";
				WRAPPER_EXTENSION = xctest;
			};
			name = Release;
		};
/* End XCBuildConfiguration section */

/* Begin XCConfigurationList section */
		CD8EB743196C534000B65E9C /* Build configuration list for PBXProject "dragDropGesture" */ = {
			isa = XCConfigurationList;
			buildConfigurations = (
				CD8EB778196C534000B65E9C /* Debug */,
				CD8EB779196C534000B65E9C /* Release */,
			);
			defaultConfigurationIsVisible = 0;
			defaultConfigurationName = Release;
		};
		CD8EB77A196C534000B65E9C /* Build configuration list for PBXNativeTarget "dragDropGesture" */ = {
			isa = XCConfigurationList;
			buildConfigurations = (
				CD8EB77B196C534000B65E9C /* Debug */,
				CD8EB77C196C534000B65E9C /* Release */,
			);
			defaultConfigurationIsVisible = 0;
		};
		CD8EB77D196C534000B65E9C /* Build configuration list for PBXNativeTarget "dragDropGestureTests" */ = {
			isa = XCConfigurationList;
			buildConfigurations = (
				CD8EB77E196C534000B65E9C /* Debug */,
				CD8EB77F196C534000B65E9C /* Release */,
			);
			defaultConfigurationIsVisible = 0;
		};
/* End XCConfigurationList section */
	};
	rootObject = CD8EB740196C534000B65E9C /* Project object */;
}
